<?xml version="1.0" encoding="utf-8"?>
<Project ToolsVersion="4.0" xmlns="http://schemas.microsoft.com/developer/msbuild/2003">
  <ItemGroup>
    <Filter Include="Source Files">
      <UniqueIdentifier>{4FC737F1-C7A5-4376-A066-2A32D752A2FF}</UniqueIdentifier>
      <Extensions>cpp;c;cc;cxx;def;odl;idl;hpj;bat;asm;asmx</Extensions>
    </Filter>
    <Filter Include="Header Files">
      <UniqueIdentifier>{93995380-89BD-4b04-88EB-625FBE52EBFB}</UniqueIdentifier>
      <Extensions>h;hh;hpp;hxx;hm;inl;inc;ipp;xsd</Extensions>
    </Filter>
    <Filter Include="Resource Files">
      <UniqueIdentifier>{67DA6AB6-F800-4c08-8B7A-83BB121AAD01}</UniqueIdentifier>
      <Extensions>rc;ico;cur;bmp;dlg;rc2;rct;bin;rgs;gif;jpg;jpeg;jpe;resx;tiff;tif;png;wav;mfcribbon-ms</Extensions>
    </Filter>
    <Filter Include="imgui">
      <UniqueIdentifier>{396e4dda-4fe2-4588-9756-a364a57aa8c1}</UniqueIdentifier>
    </Filter>
    <Filter Include="imgui\headers">
      <UniqueIdentifier>{ae0c99c9-78de-41f1-8c8d-e6eb860af833}</UniqueIdentifier>
    </Filter>
    <Filter Include="imgui\implementation">
      <UniqueIdentifier>{d46c4711-0bdc-484c-bb4c-5526d80f7f5e}</UniqueIdentifier>
    </Filter>
    <Filter Include="PCH">
      <UniqueIdentifier>{65407bae-1075-4bdd-9dfd-acc5a636ec02}</UniqueIdentifier>
    </Filter>
    <Filter Include="Plugin">
      <UniqueIdentifier>{a1b543a5-c4b7-4cf1-8adf-c2f26cf59952}</UniqueIdentifier>
    </Filter>
    <Filter Include="Plugin\header">
      <UniqueIdentifier>{46d01869-81e6-496b-b2c1-aeeb13d6b983}</UniqueIdentifier>
    </Filter>
    <Filter Include="Plugin\src">
      <UniqueIdentifier>{33ae5c6a-718c-410e-bdb8-9c032f65c710}</UniqueIdentifier>
    </Filter>
    <Filter Include="Resources">
      <UniqueIdentifier>{b6def2b5-5c47-43c0-9849-5d7b9c230cf6}</UniqueIdentifier>
    </Filter>
  </ItemGroup>
  <ItemGroup>
    <ClCompile Include="imgui\imgui.cpp">
      <Filter>imgui\implementation</Filter>
    </ClCompile>
    <ClCompile Include="imgui\imgui_additions.cpp">
      <Filter>imgui\implementation</Filter>
    </ClCompile>
    <ClCompile Include="imgui\imgui_demo.cpp">
      <Filter>imgui\implementation</Filter>
    </ClCompile>
    <ClCompile Include="imgui\imgui_draw.cpp">
      <Filter>imgui\implementation</Filter>
    </ClCompile>
    <ClCompile Include="imgui\imgui_impl_dx11.cpp">
      <Filter>imgui\implementation</Filter>
    </ClCompile>
    <ClCompile Include="imgui\imgui_impl_win32.cpp">
      <Filter>imgui\implementation</Filter>
    </ClCompile>
    <ClCompile Include="imgui\imgui_rangeslider.cpp">
      <Filter>imgui\implementation</Filter>
    </ClCompile>
    <ClCompile Include="imgui\imgui_searchablecombo.cpp">
      <Filter>imgui\implementation</Filter>
    </ClCompile>
    <ClCompile Include="imgui\imgui_timeline.cpp">
      <Filter>imgui\implementation</Filter>
    </ClCompile>
    <ClCompile Include="imgui\imgui_widgets.cpp">
      <Filter>imgui\implementation</Filter>
    </ClCompile>
    <ClCompile Include="imgui\imguivariouscontrols.cpp">
      <Filter>imgui\implementation</Filter>
    </ClCompile>
    <ClCompile Include="IMGUI\imgui_stdlib.cpp">
      <Filter>imgui\implementation</Filter>
    </ClCompile>
    <ClCompile Include="pch.cpp">
      <Filter>PCH</Filter>
    </ClCompile>
    <ClCompile Include="RLCustomHud.cpp">
      <Filter>Plugin\src</Filter>
    </ClCompile>
    <ClCompile Include="IMGUIFont.cpp">
      <Filter>Source Files</Filter>
    </ClCompile>
    <ClCompile Include="ColorMap.cpp">
      <Filter>Source Files</Filter>
    </ClCompile>
  </ItemGroup>
  <ItemGroup>
    <ClInclude Include="imgui\imgui_rangeslider.h">
      <Filter>imgui\headers</Filter>
    </ClInclude>
    <ClInclude Include="imgui\imgui_searchablecombo.h">
      <Filter>imgui\headers</Filter>
    </ClInclude>
    <ClInclude Include="imgui\imgui_timeline.h">
      <Filter>imgui\headers</Filter>
    </ClInclude>
    <ClInclude Include="imgui\imguivariouscontrols.h">
      <Filter>imgui\headers</Filter>
    </ClInclude>
    <ClInclude Include="imgui\imstb_rectpack.h">
      <Filter>imgui\headers</Filter>
    </ClInclude>
    <ClInclude Include="imgui\imstb_textedit.h">
      <Filter>imgui\headers</Filter>
    </ClInclude>
    <ClInclude Include="imgui\imstb_truetype.h">
      <Filter>imgui\headers</Filter>
    </ClInclude>
    <ClInclude Include="imgui\imconfig.h">
      <Filter>imgui\headers</Filter>
    </ClInclude>
    <ClInclude Include="imgui\imgui.h">
      <Filter>imgui\headers</Filter>
    </ClInclude>
    <ClInclude Include="imgui\imgui_additions.h">
      <Filter>imgui\headers</Filter>
    </ClInclude>
    <ClInclude Include="imgui\imgui_impl_dx11.h">
      <Filter>imgui\headers</Filter>
    </ClInclude>
    <ClInclude Include="imgui\imgui_impl_win32.h">
      <Filter>imgui\headers</Filter>
    </ClInclude>
    <ClInclude Include="imgui\imgui_internal.h">
      <Filter>imgui\headers</Filter>
    </ClInclude>
    <ClInclude Include="version.h">
      <Filter>Header Files</Filter>
    </ClInclude>
    <ClInclude Include="IMGUI\imgui_stdlib.h">
      <Filter>imgui\headers</Filter>
    </ClInclude>
    <ClInclude Include="pch.h">
      <Filter>PCH</Filter>
    </ClInclude>
    <ClInclude Include="RLCustomHud.h">
      <Filter>Plugin\header</Filter>
    </ClInclude>
    <ClInclude Include="logging.h">
      <Filter>Plugin\header</Filter>
    </ClInclude>
    <ClInclude Include="colormap.h">
      <Filter>Plugin\header</Filter>
    </ClInclude>
    <ClInclude Include="resource.h">
      <Filter>Header Files</Filter>
    </ClInclude>
    <ClInclude Include="IMGUIFont.h">
      <Filter>Header Files</Filter>
    </ClInclude>
    <ClInclude Include="colormap.h">
      <Filter>Header Files</Filter>
    </ClInclude>
  </ItemGroup>
  <ItemGroup>
    <ResourceCompile Include="RLCustomHud.rc">
      <Filter>Resource Files</Filter>
    </ResourceCompile>
  </ItemGroup>
  <ItemGroup>
    <Font Include="Fonts\RobotoMono-Bold.ttf">
      <Filter>Resources</Filter>
    </Font>
    <Font Include="Fonts\RobotoMono-BoldItalic.ttf">
      <Filter>Resources</Filter>
    </Font>
    <Font Include="Fonts\RobotoMono-ExtraLight.ttf">
      <Filter>Resources</Filter>
    </Font>
    <Font Include="Fonts\RobotoMono-ExtraLightItalic.ttf">
      <Filter>Resources</Filter>
    </Font>
    <Font Include="Fonts\RobotoMono-Italic.ttf">
      <Filter>Resources</Filter>
    </Font>
    <Font Include="Fonts\RobotoMono-Light.ttf">
      <Filter>Resources</Filter>
    </Font>
    <Font Include="Fonts\RobotoMono-LightItalic.ttf">
      <Filter>Resources</Filter>
    </Font>
    <Font Include="Fonts\RobotoMono-Medium.ttf">
      <Filter>Resources</Filter>
    </Font>
    <Font Include="Fonts\RobotoMono-MediumItalic.ttf">
      <Filter>Resources</Filter>
    </Font>
    <Font Include="Fonts\RobotoMono-Regular.ttf">
      <Filter>Resources</Filter>
    </Font>
    <Font Include="Fonts\RobotoMono-SemiBold.ttf">
      <Filter>Resources</Filter>
    </Font>
    <Font Include="Fonts\RobotoMono-SemiBoldItalic.ttf">
      <Filter>Resources</Filter>
    </Font>
    <Font Include="Fonts\RobotoMono-Thin.ttf">
      <Filter>Resources</Filter>
    </Font>
    <Font Include="Fonts\RobotoMono-ThinItalic.ttf">
      <Filter>Resources</Filter>
    </Font>
  </ItemGroup>
  <ItemGroup>
    <None Include="Colormaps\circle_mgbm_67_c31_n256.csv">
      <Filter>Resources</Filter>
    </None>
    <None Include="Colormaps\circle_mgbm_67_c31_n256_s25.csv">
      <Filter>Resources</Filter>
    </None>
    <None Include="Colormaps\cyclic_bgrmb_35-70_c75_n256.csv">
      <Filter>Resources</Filter>
    </None>
    <None Include="Colormaps\cyclic_bgrmb_35-70_c75_n256_s25.csv">
      <Filter>Resources</Filter>
    </None>
    <None Include="Colormaps\cyclic_grey_15-85_c0_n256.csv">
      <Filter>Resources</Filter>
    </None>
    <None Include="Colormaps\cyclic_grey_15-85_c0_n256_s25.csv">
      <Filter>Resources</Filter>
    </None>
    <None Include="Colormaps\cyclic_mrybm_35-75_c68_n256.csv">
      <Filter>Resources</Filter>
    </None>
    <None Include="Colormaps\cyclic_mrybm_35-75_c68_n256_s25.csv">
      <Filter>Resources</Filter>
    </None>
    <None Include="Colormaps\cyclic_mybm_20-100_c48_n256.csv">
      <Filter>Resources</Filter>
    </None>
    <None Include="Colormaps\cyclic_mybm_20-100_c48_n256_s25.csv">
      <Filter>Resources</Filter>
    </None>
    <None Include="Colormaps\cyclic_mygbm_30-95_c78_n256.csv">
      <Filter>Resources</Filter>
    </None>
    <None Include="Colormaps\cyclic_mygbm_30-95_c78_n256_s25.csv">
      <Filter>Resources</Filter>
    </None>
    <None Include="Colormaps\cyclic_mygbm_50-90_c46_n256.csv">
      <Filter>Resources</Filter>
    </None>
    <None Include="Colormaps\cyclic_mygbm_50-90_c46_n256_s25.csv">
      <Filter>Resources</Filter>
    </None>
    <None Include="Colormaps\cyclic_rygcbmr_50-90_c64_n256.csv">
      <Filter>Resources</Filter>
    </None>
    <None Include="Colormaps\cyclic_rygcbmr_50-90_c64_n256_s25.csv">
      <Filter>Resources</Filter>
    </None>
    <None Include="Colormaps\cyclic_wrkbw_10-90_c43_n256.csv">
      <Filter>Resources</Filter>
    </None>
    <None Include="Colormaps\cyclic_wrkbw_10-90_c43_n256_s25.csv">
      <Filter>Resources</Filter>
    </None>
    <None Include="Colormaps\cyclic_wrwbw_40-90_c42_n256.csv">
      <Filter>Resources</Filter>
    </None>
    <None Include="Colormaps\cyclic_wrwbw_40-90_c42_n256_s25.csv">
      <Filter>Resources</Filter>
    </None>
    <None Include="Colormaps\cyclic_ymcgy_60-90_c67_n256.csv">
      <Filter>Resources</Filter>
    </None>
    <None Include="Colormaps\cyclic_ymcgy_60-90_c67_n256_s25.csv">
      <Filter>Resources</Filter>
    </None>
    <None Include="Colormaps\cyclic-protanopic-deuteranopic_bwyk_16-96_c31_n256.csv">
      <Filter>Resources</Filter>
    </None>
    <None Include="Colormaps\cyclic-protanopic-deuteranopic_wywb_55-96_c33_n256.csv">
      <Filter>Resources</Filter>
    </None>
    <None Include="Colormaps\cyclic-tritanopic_cwrk_40-100_c20_n256.csv">
      <Filter>Resources</Filter>
    </None>
    <None Include="Colormaps\cyclic-tritanopic_wrwc_70-100_c20_n256.csv">
      <Filter>Resources</Filter>
    </None>
    <None Include="Colormaps\diverging_bkr_55-10_c35_n256.csv">
      <Filter>Resources</Filter>
    </None>
    <None Include="Colormaps\diverging_bky_60-10_c30_n256.csv">
      <Filter>Resources</Filter>
    </None>
    <None Include="Colormaps\diverging_bwg_20-95_c41_n256.csv">
      <Filter>Resources</Filter>
    </None>
    <None Include="Colormaps\diverging_bwr_20-95_c54_n256.csv">
      <Filter>Resources</Filter>
    </None>
    <None Include="Colormaps\diverging_bwr_40-95_c42_n256.csv">
      <Filter>Resources</Filter>
    </None>
    <None Include="Colormaps\diverging_bwr_55-98_c37_n256.csv">
      <Filter>Resources</Filter>
    </None>
    <None Include="Colormaps\diverging_cwm_80-100_c22_n256.csv">
      <Filter>Resources</Filter>
    </None>
    <None Include="Colormaps\diverging_gkr_60-10_c40_n256.csv">
      <Filter>Resources</Filter>
    </None>
    <None Include="Colormaps\diverging_gwr_55-95_c38_n256.csv">
      <Filter>Resources</Filter>
    </None>
    <None Include="Colormaps\diverging_gwv_55-95_c39_n256.csv">
      <Filter>Resources</Filter>
    </None>
    <None Include="Colormaps\diverging-isoluminant_cjm_75_c23_n256.csv">
      <Filter>Resources</Filter>
    </None>
    <None Include="Colormaps\diverging-isoluminant_cjm_75_c24_n256.csv">
      <Filter>Resources</Filter>
    </None>
    <None Include="Colormaps\diverging-isoluminant_cjo_70_c25_n256.csv">
      <Filter>Resources</Filter>
    </None>
    <None Include="Colormaps\diverging-linear_bjr_30-55_c53_n256.csv">
      <Filter>Resources</Filter>
    </None>
    <None Include="Colormaps\diverging-linear_bjy_30-90_c45_n256.csv">
      <Filter>Resources</Filter>
    </None>
    <None Include="Colormaps\diverging-linear-protanopic-deuteranopic_bjy_57-89_c34_n256.csv">
      <Filter>Resources</Filter>
    </None>
    <None Include="Colormaps\diverging-protanopic-deuteranopic_bwy_60-95_c32_n256.csv">
      <Filter>Resources</Filter>
    </None>
    <None Include="Colormaps\diverging-rainbow_bgymr_45-85_c67_n256.csv">
      <Filter>Resources</Filter>
    </None>
    <None Include="Colormaps\diverging-tritanopic_cwr_75-98_c20_n256.csv">
      <Filter>Resources</Filter>
    </None>
    <None Include="Colormaps\glasbey_bw_minc_20_hue_150_280_n256.csv">
      <Filter>Resources</Filter>
    </None>
    <None Include="Colormaps\glasbey_bw_minc_20_hue_330_100_n256.csv">
      <Filter>Resources</Filter>
    </None>
    <None Include="Colormaps\glasbey_bw_minc_20_maxl_70_n256.csv">
      <Filter>Resources</Filter>
    </None>
    <None Include="Colormaps\glasbey_bw_minc_20_minl_30_n256.csv">
      <Filter>Resources</Filter>
    </None>
    <None Include="Colormaps\glasbey_bw_minc_20_n256.csv">
      <Filter>Resources</Filter>
    </None>
    <None Include="Colormaps\glasbey_bw_n256.csv">
      <Filter>Resources</Filter>
    </None>
    <None Include="Colormaps\glasbey_category10_n256.csv">
      <Filter>Resources</Filter>
    </None>
    <None Include="Colormaps\glasbey_hv_n256.csv">
      <Filter>Resources</Filter>
    </None>
    <None Include="Colormaps\isoluminant_cgo_70_c39_n256.csv">
      <Filter>Resources</Filter>
    </None>
    <None Include="Colormaps\isoluminant_cgo_80_c38_n256.csv">
      <Filter>Resources</Filter>
    </None>
    <None Include="Colormaps\isoluminant_cm_70_c39_n256.csv">
      <Filter>Resources</Filter>
    </None>
    <None Include="Colormaps\linear_bgy_10-95_c74_n256.csv">
      <Filter>Resources</Filter>
    </None>
    <None Include="Colormaps\linear_bgyw_15-100_c67_n256.csv">
      <Filter>Resources</Filter>
    </None>
    <None Include="Colormaps\linear_bgyw_15-100_c68_n256.csv">
      <Filter>Resources</Filter>
    </None>
    <None Include="Colormaps\linear_bgyw_20-98_c66_n256.csv">
      <Filter>Resources</Filter>
    </None>
    <None Include="Colormaps\linear_blue_95-50_c20_n256.csv">
      <Filter>Resources</Filter>
    </None>
    <None Include="Colormaps\linear_bmw_5-95_c86_n256.csv">
      <Filter>Resources</Filter>
    </None>
    <None Include="Colormaps\linear_bmw_5-95_c89_n256.csv">
      <Filter>Resources</Filter>
    </None>
    <None Include="Colormaps\linear_bmy_10-95_c71_n256.csv">
      <Filter>Resources</Filter>
    </None>
    <None Include="Colormaps\linear_bmy_10-95_c78_n256.csv">
      <Filter>Resources</Filter>
    </None>
    <None Include="Colormaps\linear_gow_60-85_c27_n256.csv">
      <Filter>Resources</Filter>
    </None>
    <None Include="Colormaps\linear_gow_65-90_c35_n256.csv">
      <Filter>Resources</Filter>
    </None>
    <None Include="Colormaps\linear_grey_0-100_c0_n256.csv">
      <Filter>Resources</Filter>
    </None>
    <None Include="Colormaps\linear_grey_10-95_c0_n256.csv">
      <Filter>Resources</Filter>
    </None>
    <None Include="Colormaps\linear_kbc_5-95_c73_n256.csv">
      <Filter>Resources</Filter>
    </None>
    <None Include="Colormaps\linear_kbgoy_20-95_c57_n256.csv">
      <Filter>Resources</Filter>
    </None>
    <None Include="Colormaps\linear_kbgyw_5-98_c62_n256.csv">
      <Filter>Resources</Filter>
    </None>
    <None Include="Colormaps\linear_kbgyw_10-98_c63_n256.csv">
      <Filter>Resources</Filter>
    </None>
    <None Include="Colormaps\linear_kgy_5-95_c69_n256.csv">
      <Filter>Resources</Filter>
    </None>
    <None Include="Colormaps\linear_kry_0-97_c73_n256.csv">
      <Filter>Resources</Filter>
    </None>
    <None Include="Colormaps\linear_kry_5-95_c72_n256.csv">
      <Filter>Resources</Filter>
    </None>
    <None Include="Colormaps\linear_kry_5-98_c75_n256.csv">
      <Filter>Resources</Filter>
    </None>
    <None Include="Colormaps\linear_kryw_0-100_c71_n256.csv">
      <Filter>Resources</Filter>
    </None>
    <None Include="Colormaps\linear_kryw_5-100_c64_n256.csv">
      <Filter>Resources</Filter>
    </None>
    <None Include="Colormaps\linear_kryw_5-100_c67_n256.csv">
      <Filter>Resources</Filter>
    </None>
    <None Include="Colormaps\linear_ternary-blue_0-44_c57_n256.csv">
      <Filter>Resources</Filter>
    </None>
    <None Include="Colormaps\linear_ternary-green_0-46_c42_n256.csv">
      <Filter>Resources</Filter>
    </None>
    <None Include="Colormaps\linear_ternary-red_0-50_c52_n256.csv">
      <Filter>Resources</Filter>
    </None>
    <None Include="Colormaps\linear_wcmr_100-45_c42_n256.csv">
      <Filter>Resources</Filter>
    </None>
    <None Include="Colormaps\linear_worb_100-25_c53_n256.csv">
      <Filter>Resources</Filter>
    </None>
    <None Include="Colormaps\linear_wyor_100-45_c55_n256.csv">
      <Filter>Resources</Filter>
    </None>
    <None Include="Colormaps\linear-protanopic-deuteranopic_kbjyw_5-95_c25_n256.csv">
      <Filter>Resources</Filter>
    </None>
    <None Include="Colormaps\linear-protanopic-deuteranopic_kbw_5-95_c34_n256.csv">
      <Filter>Resources</Filter>
    </None>
    <None Include="Colormaps\linear-protanopic-deuteranopic_kbw_5-98_c40_n256.csv">
      <Filter>Resources</Filter>
    </None>
    <None Include="Colormaps\linear-protanopic-deuteranopic_kyw_5-95_c49_n256.csv">
      <Filter>Resources</Filter>
    </None>
    <None Include="Colormaps\linear-tritanopic_kcw_5-95_c22_n256.csv">
      <Filter>Resources</Filter>
    </None>
    <None Include="Colormaps\linear-tritanopic_krjcw_5-95_c24_n256.csv">
      <Filter>Resources</Filter>
    </None>
    <None Include="Colormaps\linear-tritanopic_krjcw_5-98_c46_n256.csv">
      <Filter>Resources</Filter>
    </None>
    <None Include="Colormaps\linear-tritanopic_krw_5-95_c46_n256.csv">
      <Filter>Resources</Filter>
    </None>
    <None Include="Colormaps\rainbow_bgyr_10-90_c83_n256.csv">
      <Filter>Resources</Filter>
    </None>
    <None Include="Colormaps\rainbow_bgyr_35-85_c72_n256.csv">
      <Filter>Resources</Filter>
    </None>
    <None Include="Colormaps\rainbow_bgyr_35-85_c73_n256.csv">
      <Filter>Resources</Filter>
    </None>
    <None Include="Colormaps\rainbow_bgyrm_35-85_c69_n256.csv">
      <Filter>Resources</Filter>
    </None>
    <None Include="Colormaps\rainbow_bgyrm_35-85_c71_n256.csv">
      <Filter>Resources</Filter>
    </None>
  </ItemGroup>
</Project>